
Microsoft Visual Studio Solution File, Format Version 12.00
# Visual Studio Version 17
VisualStudioVersion = 17.11.35222.181
MinimumVisualStudioVersion = 10.0.40219.1
Project("{FAE04EC0-301F-11D3-BF4B-00C04F79EFBC}") = "Calculator", "Calculator\Calculator.csproj", "{B46D6A78-11BA-4A79-BFA8-5E625B09DFB5}"
EndProject
Global
	GlobalSection(SolutionConfigurationPlatforms) = preSolution
		Debug|Any CPU = Debug|Any CPU
		Release|Any CPU = Release|Any CPU
	EndGlobalSection
	GlobalSection(ProjectConfigurationPlatforms) = postSolution
		{B46D6A78-11BA-4A79-BFA8-5E625B09DFB5}.Debug|Any CPU.ActiveCfg = Debug|Any CPU
		{B46D6A78-11BA-4A79-BFA8-5E625B09DFB5}.Debug|Any CPU.Build.0 = Debug|Any CPU
		{B46D6A78-11BA-4A79-BFA8-5E625B09DFB5}.Release|Any CPU.ActiveCfg = Release|Any CPU
		{B46D6A78-11BA-4A79-BFA8-5E625B09DFB5}.Release|Any CPU.Build.0 = Release|Any CPU
	EndGlobalSection
	GlobalSection(SolutionProperties) = preSolution
		HideSolutionNode = FALSE
	EndGlobalSection
	GlobalSection(ExtensibilityGlobals) = postSolution
		SolutionGuid = {4A4B1E24-C4D1-4999-A9B1-0665D2EC363A}
	EndGlobalSection
EndGlobal
