
Microsoft Visual Studio Solution File, Format Version 12.00
# Visual Studio Version 17
VisualStudioVersion = 17.11.35222.181
MinimumVisualStudioVersion = 10.0.40219.1
Project("{FAE04EC0-301F-11D3-BF4B-00C04F79EFBC}") = "FirstWPFAppDotNet8", "FirstWPFAppDotNet8\FirstWPFAppDotNet8.csproj", "{074E298D-08D4-429B-814C-57EA6C9CB59E}"
EndProject
Global
	GlobalSection(SolutionConfigurationPlatforms) = preSolution
		Debug|Any CPU = Debug|Any CPU
		Release|Any CPU = Release|Any CPU
	EndGlobalSection
	GlobalSection(ProjectConfigurationPlatforms) = postSolution
		{074E298D-08D4-429B-814C-57EA6C9CB59E}.Debug|Any CPU.ActiveCfg = Debug|Any CPU
		{074E298D-08D4-429B-814C-57EA6C9CB59E}.Debug|Any CPU.Build.0 = Debug|Any CPU
		{074E298D-08D4-429B-814C-57EA6C9CB59E}.Release|Any CPU.ActiveCfg = Release|Any CPU
		{074E298D-08D4-429B-814C-57EA6C9CB59E}.Release|Any CPU.Build.0 = Release|Any CPU
	EndGlobalSection
	GlobalSection(SolutionProperties) = preSolution
		HideSolutionNode = FALSE
	EndGlobalSection
	GlobalSection(ExtensibilityGlobals) = postSolution
		SolutionGuid = {107AA5CC-2B7A-46FA-9D21-5C5421A8F93B}
	EndGlobalSection
EndGlobal
