
Microsoft Visual Studio Solution File, Format Version 12.00
# Visual Studio Version 17
VisualStudioVersion = 17.11.35222.181
MinimumVisualStudioVersion = 10.0.40219.1
Project("{FAE04EC0-301F-11D3-BF4B-00C04F79EFBC}") = "AnimalSoundApp", "AnimalSoundApp\AnimalSoundApp.csproj", "{8B4F3DEB-D010-464A-B342-BF79EA947AC8}"
EndProject
Global
	GlobalSection(SolutionConfigurationPlatforms) = preSolution
		Debug|Any CPU = Debug|Any CPU
		Release|Any CPU = Release|Any CPU
	EndGlobalSection
	GlobalSection(ProjectConfigurationPlatforms) = postSolution
		{8B4F3DEB-D010-464A-B342-BF79EA947AC8}.Debug|Any CPU.ActiveCfg = Debug|Any CPU
		{8B4F3DEB-D010-464A-B342-BF79EA947AC8}.Debug|Any CPU.Build.0 = Debug|Any CPU
		{8B4F3DEB-D010-464A-B342-BF79EA947AC8}.Release|Any CPU.ActiveCfg = Release|Any CPU
		{8B4F3DEB-D010-464A-B342-BF79EA947AC8}.Release|Any CPU.Build.0 = Release|Any CPU
	EndGlobalSection
	GlobalSection(SolutionProperties) = preSolution
		HideSolutionNode = FALSE
	EndGlobalSection
	GlobalSection(ExtensibilityGlobals) = postSolution
		SolutionGuid = {F62FFF7E-8563-4861-A79F-1934514FBFDF}
	EndGlobalSection
EndGlobal
