
Microsoft Visual Studio Solution File, Format Version 12.00
# Visual Studio Version 17
VisualStudioVersion = 17.11.35222.181
MinimumVisualStudioVersion = 10.0.40219.1
Project("{FAE04EC0-301F-11D3-BF4B-00C04F79EFBC}") = "SimpleDataBindingApp", "SimpleDataBindingApp\SimpleDataBindingApp.csproj", "{A9B9EA8D-4E49-4799-B2E3-BE68EA07B5FB}"
EndProject
Global
	GlobalSection(SolutionConfigurationPlatforms) = preSolution
		Debug|Any CPU = Debug|Any CPU
		Release|Any CPU = Release|Any CPU
	EndGlobalSection
	GlobalSection(ProjectConfigurationPlatforms) = postSolution
		{A9B9EA8D-4E49-4799-B2E3-BE68EA07B5FB}.Debug|Any CPU.ActiveCfg = Debug|Any CPU
		{A9B9EA8D-4E49-4799-B2E3-BE68EA07B5FB}.Debug|Any CPU.Build.0 = Debug|Any CPU
		{A9B9EA8D-4E49-4799-B2E3-BE68EA07B5FB}.Release|Any CPU.ActiveCfg = Release|Any CPU
		{A9B9EA8D-4E49-4799-B2E3-BE68EA07B5FB}.Release|Any CPU.Build.0 = Release|Any CPU
	EndGlobalSection
	GlobalSection(SolutionProperties) = preSolution
		HideSolutionNode = FALSE
	EndGlobalSection
	GlobalSection(ExtensibilityGlobals) = postSolution
		SolutionGuid = {9CD0CF5C-3DE0-4AB4-8069-7B4175EE5353}
	EndGlobalSection
EndGlobal
