
Microsoft Visual Studio Solution File, Format Version 12.00
# Visual Studio Version 17
VisualStudioVersion = 17.11.35222.181
MinimumVisualStudioVersion = 10.0.40219.1
Project("{FAE04EC0-301F-11D3-BF4B-00C04F79EFBC}") = "productMaintenance", "productMaintenance\productMaintenance.csproj", "{0AB522A4-0F6D-489D-8268-BA2506E9E1D1}"
EndProject
Global
	GlobalSection(SolutionConfigurationPlatforms) = preSolution
		Debug|Any CPU = Debug|Any CPU
		Release|Any CPU = Release|Any CPU
	EndGlobalSection
	GlobalSection(ProjectConfigurationPlatforms) = postSolution
		{0AB522A4-0F6D-489D-8268-BA2506E9E1D1}.Debug|Any CPU.ActiveCfg = Debug|Any CPU
		{0AB522A4-0F6D-489D-8268-BA2506E9E1D1}.Debug|Any CPU.Build.0 = Debug|Any CPU
		{0AB522A4-0F6D-489D-8268-BA2506E9E1D1}.Release|Any CPU.ActiveCfg = Release|Any CPU
		{0AB522A4-0F6D-489D-8268-BA2506E9E1D1}.Release|Any CPU.Build.0 = Release|Any CPU
	EndGlobalSection
	GlobalSection(SolutionProperties) = preSolution
		HideSolutionNode = FALSE
	EndGlobalSection
	GlobalSection(ExtensibilityGlobals) = postSolution
		SolutionGuid = {6BA69971-86A9-42A8-ABFE-78045190A1E0}
	EndGlobalSection
EndGlobal
